
Microsoft Visual Studio Solution File, Format Version 12.00
# Visual Studio 15
VisualStudioVersion = 15.0.27703.2026
MinimumVisualStudioVersion = 10.0.40219.1
Project("{FAE04EC0-301F-11D3-BF4B-00C04F79EFBC}") = "InfoTools", "InfoTools\InfoTools.csproj", "{2A73D95B-2743-4EAA-8299-C86E32EAD31E}"
EndProject
Project("{2150E333-8FDC-42A3-9474-1A3956D46DE8}") = "IWScripts", "IWScripts", "{78A68C2D-98BA-453D-87C9-38495183C90A}"
	ProjectSection(SolutionItems) = preProject
		IWScript_ExtractGeometryCoordinates.js = IWScript_ExtractGeometryCoordinates.js
	EndProjectSection
EndProject
Project("{FAE04EC0-301F-11D3-BF4B-00C04F79EFBC}") = "RevitInfoTools", "RevitInfoTools\RevitInfoTools.csproj", "{72166630-ED93-46C9-9459-C646AF6BB41F}"
EndProject
Project("{FAE04EC0-301F-11D3-BF4B-00C04F79EFBC}") = "Common", "Common\Common.csproj", "{F1A1089F-D3E8-4E3E-B1C8-94134005D0DA}"
EndProject
Global
	GlobalSection(SolutionConfigurationPlatforms) = preSolution
		Debug 2018|Any CPU = Debug 2018|Any CPU
		Debug 2019|Any CPU = Debug 2019|Any CPU
		Release 2018|Any CPU = Release 2018|Any CPU
		Release 2019|Any CPU = Release 2019|Any CPU
	EndGlobalSection
	GlobalSection(ProjectConfigurationPlatforms) = postSolution
		{2A73D95B-2743-4EAA-8299-C86E32EAD31E}.Debug 2018|Any CPU.ActiveCfg = Debug|Any CPU
		{2A73D95B-2743-4EAA-8299-C86E32EAD31E}.Debug 2018|Any CPU.Build.0 = Debug|Any CPU
		{2A73D95B-2743-4EAA-8299-C86E32EAD31E}.Debug 2019|Any CPU.ActiveCfg = Debug 2019|Any CPU
		{2A73D95B-2743-4EAA-8299-C86E32EAD31E}.Debug 2019|Any CPU.Build.0 = Debug 2019|Any CPU
		{2A73D95B-2743-4EAA-8299-C86E32EAD31E}.Release 2018|Any CPU.ActiveCfg = Release|Any CPU
		{2A73D95B-2743-4EAA-8299-C86E32EAD31E}.Release 2018|Any CPU.Build.0 = Release|Any CPU
		{2A73D95B-2743-4EAA-8299-C86E32EAD31E}.Release 2019|Any CPU.ActiveCfg = Release 2019|Any CPU
		{2A73D95B-2743-4EAA-8299-C86E32EAD31E}.Release 2019|Any CPU.Build.0 = Release 2019|Any CPU
		{72166630-ED93-46C9-9459-C646AF6BB41F}.Debug 2018|Any CPU.ActiveCfg = Debug|Any CPU
		{72166630-ED93-46C9-9459-C646AF6BB41F}.Debug 2018|Any CPU.Build.0 = Debug|Any CPU
		{72166630-ED93-46C9-9459-C646AF6BB41F}.Debug 2019|Any CPU.ActiveCfg = Debug 2019|Any CPU
		{72166630-ED93-46C9-9459-C646AF6BB41F}.Debug 2019|Any CPU.Build.0 = Debug 2019|Any CPU
		{72166630-ED93-46C9-9459-C646AF6BB41F}.Release 2018|Any CPU.ActiveCfg = Release|Any CPU
		{72166630-ED93-46C9-9459-C646AF6BB41F}.Release 2018|Any CPU.Build.0 = Release|Any CPU
		{72166630-ED93-46C9-9459-C646AF6BB41F}.Release 2019|Any CPU.ActiveCfg = Release 2019|Any CPU
		{72166630-ED93-46C9-9459-C646AF6BB41F}.Release 2019|Any CPU.Build.0 = Release 2019|Any CPU
		{F1A1089F-D3E8-4E3E-B1C8-94134005D0DA}.Debug 2018|Any CPU.ActiveCfg = Debug|Any CPU
		{F1A1089F-D3E8-4E3E-B1C8-94134005D0DA}.Debug 2018|Any CPU.Build.0 = Debug|Any CPU
		{F1A1089F-D3E8-4E3E-B1C8-94134005D0DA}.Debug 2019|Any CPU.ActiveCfg = Debug 2019|Any CPU
		{F1A1089F-D3E8-4E3E-B1C8-94134005D0DA}.Debug 2019|Any CPU.Build.0 = Debug 2019|Any CPU
		{F1A1089F-D3E8-4E3E-B1C8-94134005D0DA}.Release 2018|Any CPU.ActiveCfg = Release|Any CPU
		{F1A1089F-D3E8-4E3E-B1C8-94134005D0DA}.Release 2018|Any CPU.Build.0 = Release|Any CPU
		{F1A1089F-D3E8-4E3E-B1C8-94134005D0DA}.Release 2019|Any CPU.ActiveCfg = Release 2019|Any CPU
		{F1A1089F-D3E8-4E3E-B1C8-94134005D0DA}.Release 2019|Any CPU.Build.0 = Release 2019|Any CPU
	EndGlobalSection
	GlobalSection(SolutionProperties) = preSolution
		HideSolutionNode = FALSE
	EndGlobalSection
	GlobalSection(ExtensibilityGlobals) = postSolution
		SolutionGuid = {35BD98AA-F071-4498-9FEC-F3878BF49DDB}
	EndGlobalSection
EndGlobal
